
Microsoft Visual Studio Solution File, Format Version 12.00
# Visual Studio Version 17
VisualStudioVersion = 17.10.35013.160
MinimumVisualStudioVersion = 10.0.40219.1
Project("{2150E333-8FDC-42A3-9474-1A3956D46DE8}") = "Solution Items", "Solution Items", "{469F4E7D-70C4-4F73-8646-167F7D1A510F}"
	ProjectSection(SolutionItems) = preProject
		frontpage.html = frontpage.html
		frontstylesheet.css = frontstylesheet.css
	EndProjectSection
EndProject
Global
	GlobalSection(SolutionProperties) = preSolution
		HideSolutionNode = FALSE
	EndGlobalSection
	GlobalSection(ExtensibilityGlobals) = postSolution
		SolutionGuid = {C3D49167-D926-4E20-A8B5-878ADD3F3547}
	EndGlobalSection
EndGlobal
